// !$*UTF8*$!
{
	archiveVersion = 1;
	classes = {
	};
	objectVersion = 46;
	objects = {

/* Begin PBXBuildFile section */
		3DAECB261A9BCED2003B0D73 /* AppDelegate.swift in Sources */ = {isa = PBXBuildFile; fileRef = 3DAECB251A9BCED2003B0D73 /* AppDelegate.swift */; };
		3DAECB281A9BCED2003B0D73 /* ViewController.swift in Sources */ = {isa = PBXBuildFile; fileRef = 3DAECB271A9BCED2003B0D73 /* ViewController.swift */; };
		3DAECB2B1A9BCED2003B0D73 /* Main.storyboard in Resources */ = {isa = PBXBuildFile; fileRef = 3DAECB291A9BCED2003B0D73 /* Main.storyboard */; };
		3DAECB2D1A9BCED2003B0D73 /* Images.xcassets in Resources */ = {isa = PBXBuildFile; fileRef = 3DAECB2C1A9BCED2003B0D73 /* Images.xcassets */; };
		3DAECB301A9BCED2003B0D73 /* LaunchScreen.xib in Resources */ = {isa = PBXBuildFile; fileRef = 3DAECB2E1A9BCED2003B0D73 /* LaunchScreen.xib */; };
		3DAECB3C1A9BCED2003B0D73 /* TaskItTests.swift in Sources */ = {isa = PBXBuildFile; fileRef = 3DAECB3B1A9BCED2003B0D73 /* TaskItTests.swift */; };
/* End PBXBuildFile section */

/* Begin PBXContainerItemProxy section */
		3DAECB361A9BCED2003B0D73 /* PBXContainerItemProxy */ = {
			isa = PBXContainerItemProxy;
			containerPortal = 3DAECB181A9BCED2003B0D73 /* Project object */;
			proxyType = 1;
			remoteGlobalIDString = 3DAECB1F1A9BCED2003B0D73;
			remoteInfo = TaskIt;
		};
/* End PBXContainerItemProxy section */

/* Begin PBXFileReference section */
		3DAECB201A9BCED2003B0D73 /* TaskIt.app */ = {isa = PBXFileReference; explicitFileType = wrapper.application; includeInIndex = 0; path = TaskIt.app; sourceTree = BUILT_PRODUCTS_DIR; };
		3DAECB241A9BCED2003B0D73 /* Info.plist */ = {isa = PBXFileReference; lastKnownFileType = text.plist.xml; path = Info.plist; sourceTree = "<group>"; };
		3DAECB251A9BCED2003B0D73 /* AppDelegate.swift */ = {isa = PBXFileReference; lastKnownFileType = sourcecode.swift; path = AppDelegate.swift; sourceTree = "<group>"; };
		3DAECB271A9BCED2003B0D73 /* ViewController.swift */ = {isa = PBXFileReference; lastKnownFileType = sourcecode.swift; path = ViewController.swift; sourceTree = "<group>"; };
		3DAECB2A1A9BCED2003B0D73 /* Base */ = {isa = PBXFileReference; lastKnownFileType = file.storyboard; name = Base; path = Base.lproj/Main.storyboard; sourceTree = "<group>"; };
		3DAECB2C1A9BCED2003B0D73 /* Images.xcassets */ = {isa = PBXFileReference; lastKnownFileType = folder.assetcatalog; path = Images.xcassets; sourceTree = "<group>"; };
		3DAECB2F1A9BCED2003B0D73 /* Base */ = {isa = PBXFileReference; lastKnownFileType = file.xib; name = Base; path = Base.lproj/LaunchScreen.xib; sourceTree = "<group>"; };
		3DAECB351A9BCED2003B0D73 /* TaskItTests.xctest */ = {isa = PBXFileReference; explicitFileType = wrapper.cfbundle; includeInIndex = 0; path = TaskItTests.xctest; sourceTree = BUILT_PRODUCTS_DIR; };
		3DAECB3A1A9BCED2003B0D73 /* Info.plist */ = {isa = PBXFileReference; lastKnownFileType = text.plist.xml; path = Info.plist; sourceTree = "<group>"; };
		3DAECB3B1A9BCED2003B0D73 /* TaskItTests.swift */ = {isa = PBXFileReference; lastKnownFileType = sourcecode.swift; path = TaskItTests.swift; sourceTree = "<group>"; };
/* End PBXFileReference section */

/* Begin PBXFrameworksBuildPhase section */
		3DAECB1D1A9BCED2003B0D73 /* Frameworks */ = {
			isa = PBXFrameworksBuildPhase;
			buildActionMask = 2147483647;
			files = (
			);
			runOnlyForDeploymentPostprocessing = 0;
		};
		3DAECB321A9BCED2003B0D73 /* Frameworks */ = {
			isa = PBXFrameworksBuildPhase;
			buildActionMask = 2147483647;
			files = (
			);
			runOnlyForDeploymentPostprocessing = 0;
		};
/* End PBXFrameworksBuildPhase section */

/* Begin PBXGroup section */
		3DAECB171A9BCED2003B0D73 = {
			isa = PBXGroup;
			children = (
				3DAECB221A9BCED2003B0D73 /* TaskIt */,
				3DAECB381A9BCED2003B0D73 /* TaskItTests */,
				3DAECB211A9BCED2003B0D73 /* Products */,
			);
			sourceTree = "<group>";
		};
		3DAECB211A9BCED2003B0D73 /* Products */ = {
			isa = PBXGroup;
			children = (
				3DAECB201A9BCED2003B0D73 /* TaskIt.app */,
				3DAECB351A9BCED2003B0D73 /* TaskItTests.xctest */,
			);
			name = Products;
			sourceTree = "<group>";
		};
		3DAECB221A9BCED2003B0D73 /* TaskIt */ = {
			isa = PBXGroup;
			children = (
				3DAECB251A9BCED2003B0D73 /* AppDelegate.swift */,
				3DAECB271A9BCED2003B0D73 /* ViewController.swift */,
				3DAECB291A9BCED2003B0D73 /* Main.storyboard */,
				3DAECB2C1A9BCED2003B0D73 /* Images.xcassets */,
				3DAECB2E1A9BCED2003B0D73 /* LaunchScreen.xib */,
				3DAECB231A9BCED2003B0D73 /* Supporting Files */,
			);
			path = TaskIt;
			sourceTree = "<group>";
		};
		3DAECB231A9BCED2003B0D73 /* Supporting Files */ = {
			isa = PBXGroup;
			children = (
				3DAECB241A9BCED2003B0D73 /* Info.plist */,
			);
			name = "Supporting Files";
			sourceTree = "<group>";
		};
		3DAECB381A9BCED2003B0D73 /* TaskItTests */ = {
			isa = PBXGroup;
			children = (
				3DAECB3B1A9BCED2003B0D73 /* TaskItTests.swift */,
				3DAECB391A9BCED2003B0D73 /* Supporting Files */,
			);
			path = TaskItTests;
			sourceTree = "<group>";
		};
		3DAECB391A9BCED2003B0D73 /* Supporting Files */ = {
			isa = PBXGroup;
			children = (
				3DAECB3A1A9BCED2003B0D73 /* Info.plist */,
			);
			name = "Supporting Files";
			sourceTree = "<group>";
		};
/* End PBXGroup section */

/* Begin PBXNativeTarget section */
		3DAECB1F1A9BCED2003B0D73 /* TaskIt */ = {
			isa = PBXNativeTarget;
			buildConfigurationList = 3DAECB3F1A9BCED2003B0D73 /* Build configuration list for PBXNativeTarget "TaskIt" */;
			buildPhases = (
				3DAECB1C1A9BCED2003B0D73 /* Sources */,
				3DAECB1D1A9BCED2003B0D73 /* Frameworks */,
				3DAECB1E1A9BCED2003B0D73 /* Resources */,
			);
			buildRules = (
			);
			dependencies = (
			);
			name = TaskIt;
			productName = TaskIt;
			productReference = 3DAECB201A9BCED2003B0D73 /* TaskIt.app */;
			productType = "com.apple.product-type.application";
		};
		3DAECB341A9BCED2003B0D73 /* TaskItTests */ = {
			isa = PBXNativeTarget;
			buildConfigurationList = 3DAECB421A9BCED2003B0D73 /* Build configuration list for PBXNativeTarget "TaskItTests" */;
			buildPhases = (
				3DAECB311A9BCED2003B0D73 /* Sources */,
				3DAECB321A9BCED2003B0D73 /* Frameworks */,
				3DAECB331A9BCED2003B0D73 /* Resources */,
			);
			buildRules = (
			);
			dependencies = (
				3DAECB371A9BCED2003B0D73 /* PBXTargetDependency */,
			);
			name = TaskItTests;
			productName = TaskItTests;
			productReference = 3DAECB351A9BCED2003B0D73 /* TaskItTests.xctest */;
			productType = "com.apple.product-type.bundle.unit-test";
		};
/* End PBXNativeTarget section */

/* Begin PBXProject section */
		3DAECB181A9BCED2003B0D73 /* Project object */ = {
			isa = PBXProject;
			attributes = {
				LastUpgradeCheck = 0610;
				ORGANIZATIONNAME = "Daniel Gilbert";
				TargetAttributes = {
					3DAECB1F1A9BCED2003B0D73 = {
						CreatedOnToolsVersion = 6.1.1;
					};
					3DAECB341A9BCED2003B0D73 = {
						CreatedOnToolsVersion = 6.1.1;
						TestTargetID = 3DAECB1F1A9BCED2003B0D73;
					};
				};
			};
			buildConfigurationList = 3DAECB1B1A9BCED2003B0D73 /* Build configuration list for PBXProject "TaskIt" */;
			compatibilityVersion = "Xcode 3.2";
			developmentRegion = English;
			hasScannedForEncodings = 0;
			knownRegions = (
				en,
				Base,
			);
			mainGroup = 3DAECB171A9BCED2003B0D73;
			productRefGroup = 3DAECB211A9BCED2003B0D73 /* Products */;
			projectDirPath = "";
			projectRoot = "";
			targets = (
				3DAECB1F1A9BCED2003B0D73 /* TaskIt */,
				3DAECB341A9BCED2003B0D73 /* TaskItTests */,
			);
		};
/* End PBXProject section */

/* Begin PBXResourcesBuildPhase section */
		3DAECB1E1A9BCED2003B0D73 /* Resources */ = {
			isa = PBXResourcesBuildPhase;
			buildActionMask = 2147483647;
			files = (
				3DAECB2B1A9BCED2003B0D73 /* Main.storyboard in Resources */,
				3DAECB301A9BCED2003B0D73 /* LaunchScreen.xib in Resources */,
				3DAECB2D1A9BCED2003B0D73 /* Images.xcassets in Resources */,
			);
			runOnlyForDeploymentPostprocessing = 0;
		};
		3DAECB331A9BCED2003B0D73 /* Resources */ = {
			isa = PBXResourcesBuildPhase;
			buildActionMask = 2147483647;
			files = (
			);
			runOnlyForDeploymentPostprocessing = 0;
		};
/* End PBXResourcesBuildPhase section */

/* Begin PBXSourcesBuildPhase section */
		3DAECB1C1A9BCED2003B0D73 /* Sources */ = {
			isa = PBXSourcesBuildPhase;
			buildActionMask = 2147483647;
			files = (
				3DAECB281A9BCED2003B0D73 /* ViewController.swift in Sources */,
				3DAECB261A9BCED2003B0D73 /* AppDelegate.swift in Sources */,
			);
			runOnlyForDeploymentPostprocessing = 0;
		};
		3DAECB311A9BCED2003B0D73 /* Sources */ = {
			isa = PBXSourcesBuildPhase;
			buildActionMask = 2147483647;
			files = (
				3DAECB3C1A9BCED2003B0D73 /* TaskItTests.swift in Sources */,
			);
			runOnlyForDeploymentPostprocessing = 0;
		};
/* End PBXSourcesBuildPhase section */

/* Begin PBXTargetDependency section */
		3DAECB371A9BCED2003B0D73 /* PBXTargetDependency */ = {
			isa = PBXTargetDependency;
			target = 3DAECB1F1A9BCED2003B0D73 /* TaskIt */;
			targetProxy = 3DAECB361A9BCED2003B0D73 /* PBXContainerItemProxy */;
		};
/* End PBXTargetDependency section */

/* Begin PBXVariantGroup section */
		3DAECB291A9BCED2003B0D73 /* Main.storyboard */ = {
			isa = PBXVariantGroup;
			children = (
				3DAECB2A1A9BCED2003B0D73 /* Base */,
			);
			name = Main.storyboard;
			sourceTree = "<group>";
		};
		3DAECB2E1A9BCED2003B0D73 /* LaunchScreen.xib */ = {
			isa = PBXVariantGroup;
			children = (
				3DAECB2F1A9BCED2003B0D73 /* Base */,
			);
			name = LaunchScreen.xib;
			sourceTree = "<group>";
		};
/* End PBXVariantGroup section */

/* Begin XCBuildConfiguration section */
		3DAECB3D1A9BCED2003B0D73 /* Debug */ = {
			isa = XCBuildConfiguration;
			buildSettings = {
				ALWAYS_SEARCH_USER_PATHS = NO;
				CLANG_CXX_LANGUAGE_STANDARD = "gnu++0x";
				CLANG_CXX_LIBRARY = "libc++";
				CLANG_ENABLE_MODULES = YES;
				CLANG_ENABLE_OBJC_ARC = YES;
				CLANG_WARN_BOOL_CONVERSION = YES;
				CLANG_WARN_CONSTANT_CONVERSION = YES;
				CLANG_WARN_DIRECT_OBJC_ISA_USAGE = YES_ERROR;
				CLANG_WARN_EMPTY_BODY = YES;
				CLANG_WARN_ENUM_CONVERSION = YES;
				CLANG_WARN_INT_CONVERSION = YES;
				CLANG_WARN_OBJC_ROOT_CLASS = YES_ERROR;
				CLANG_WARN_UNREACHABLE_CODE = YES;
				CLANG_WARN__DUPLICATE_METHOD_MATCH = YES;
				"CODE_SIGN_IDENTITY[sdk=iphoneos*]" = "iPhone Developer";
				COPY_PHASE_STRIP = NO;
				ENABLE_STRICT_OBJC_MSGSEND = YES;
				GCC_C_LANGUAGE_STANDARD = gnu99;
				GCC_DYNAMIC_NO_PIC = NO;
				GCC_OPTIMIZATION_LEVEL = 0;
				GCC_PREPROCESSOR_DEFINITIONS = (
					"DEBUG=1",
					"$(inherited)",
				);
				GCC_SYMBOLS_PRIVATE_EXTERN = NO;
				GCC_WARN_64_TO_32_BIT_CONVERSION = YES;
				GCC_WARN_ABOUT_RETURN_TYPE = YES_ERROR;
				GCC_WARN_UNDECLARED_SELECTOR = YES;
				GCC_WARN_UNINITIALIZED_AUTOS = YES_AGGRESSIVE;
				GCC_WARN_UNUSED_FUNCTION = YES;
				GCC_WARN_UNUSED_VARIABLE = YES;
				IPHONEOS_DEPLOYMENT_TARGET = 8.1;
				MTL_ENABLE_DEBUG_INFO = YES;
				ONLY_ACTIVE_ARCH = YES;
				SDKROOT = iphoneos;
				SWIFT_OPTIMIZATION_LEVEL = "-Onone";
				TARGETED_DEVICE_FAMILY = "1,2";
			};
			name = Debug;
		};
		3DAECB3E1A9BCED2003B0D73 /* Release */ = {
			isa = XCBuildConfiguration;
			buildSettings = {
				ALWAYS_SEARCH_USER_PATHS = NO;
				CLANG_CXX_LANGUAGE_STANDARD = "gnu++0x";
				CLANG_CXX_LIBRARY = "libc++";
				CLANG_ENABLE_MODULES = YES;
				CLANG_ENABLE_OBJC_ARC = YES;
				CLANG_WARN_BOOL_CONVERSION = YES;
				CLANG_WARN_CONSTANT_CONVERSION = YES;
				CLANG_WARN_DIRECT_OBJC_ISA_USAGE = YES_ERROR;
				CLANG_WARN_EMPTY_BODY = YES;
				CLANG_WARN_ENUM_CONVERSION = YES;
				CLANG_WARN_INT_CONVERSION = YES;
				CLANG_WARN_OBJC_ROOT_CLASS = YES_ERROR;
				CLANG_WARN_UNREACHABLE_CODE = YES;
				CLANG_WARN__DUPLICATE_METHOD_MATCH = YES;
				"CODE_SIGN_IDENTITY[sdk=iphoneos*]" = "iPhone Developer";
				COPY_PHASE_STRIP = YES;
				ENABLE_NS_ASSERTIONS = NO;
				ENABLE_STRICT_OBJC_MSGSEND = YES;
				GCC_C_LANGUAGE_STANDARD = gnu99;
				GCC_WARN_64_TO_32_BIT_CONVERSION = YES;
				GCC_WARN_ABOUT_RETURN_TYPE = YES_ERROR;
				GCC_WARN_UNDECLARED_SELECTOR = YES;
				GCC_WARN_UNINITIALIZED_AUTOS = YES_AGGRESSIVE;
				GCC_WARN_UNUSED_FUNCTION = YES;
				GCC_WARN_UNUSED_VARIABLE = YES;
				IPHONEOS_DEPLOYMENT_TARGET = 8.1;
				MTL_ENABLE_DEBUG_INFO = NO;
				SDKROOT = iphoneos;
				TARGETED_DEVICE_FAMILY = "1,2";
				VALIDATE_PRODUCT = YES;
			};
			name = Release;
		};
		3DAECB401A9BCED2003B0D73 /* Debug */ = {
			isa = XCBuildConfiguration;
			buildSettings = {
				ASSETCATALOG_COMPILER_APPICON_NAME = AppIcon;
				INFOPLIST_FILE = TaskIt/Info.plist;
				LD_RUNPATH_SEARCH_PATHS = "$(inherited) @executable_path/Frameworks";
				PRODUCT_NAME = "$(TARGET_NAME)";
			};
			name = Debug;
		};
		3DAECB411A9BCED2003B0D73 /* Release */ = {
			isa = XCBuildConfiguration;
			buildSettings = {
				ASSETCATALOG_COMPILER_APPICON_NAME = AppIcon;
				INFOPLIST_FILE = TaskIt/Info.plist;
				LD_RUNPATH_SEARCH_PATHS = "$(inherited) @executable_path/Frameworks";
				PRODUCT_NAME = "$(TARGET_NAME)";
			};
			name = Release;
		};
		3DAECB431A9BCED2003B0D73 /* Debug */ = {
			isa = XCBuildConfiguration;
			buildSettings = {
				BUNDLE_LOADER = "$(TEST_HOST)";
				FRAMEWORK_SEARCH_PATHS = (
					"$(SDKROOT)/Developer/Library/Frameworks",
					"$(inherited)",
				);
				GCC_PREPROCESSOR_DEFINITIONS = (
					"DEBUG=1",
					"$(inherited)",
				);
				INFOPLIST_FILE = TaskItTests/Info.plist;
				LD_RUNPATH_SEARCH_PATHS = "$(inherited) @executable_path/Frameworks @loader_path/Frameworks";
				PRODUCT_NAME = "$(TARGET_NAME)";
				TEST_HOST = "$(BUILT_PRODUCTS_DIR)/TaskIt.app/TaskIt";
			};
			name = Debug;
		};
		3DAECB441A9BCED2003B0D73 /* Release */ = {
			isa = XCBuildConfiguration;
			buildSettings = {
				BUNDLE_LOADER = "$(TEST_HOST)";
				FRAMEWORK_SEARCH_PATHS = (
					"$(SDKROOT)/Developer/Library/Frameworks",
					"$(inherited)",
				);
				INFOPLIST_FILE = TaskItTests/Info.plist;
				LD_RUNPATH_SEARCH_PATHS = "$(inherited) @executable_path/Frameworks @loader_path/Frameworks";
				PRODUCT_NAME = "$(TARGET_NAME)";
				TEST_HOST = "$(BUILT_PRODUCTS_DIR)/TaskIt.app/TaskIt";
			};
			name = Release;
		};
/* End XCBuildConfiguration section */

/* Begin XCConfigurationList section */
		3DAECB1B1A9BCED2003B0D73 /* Build configuration list for PBXProject "TaskIt" */ = {
			isa = XCConfigurationList;
			buildConfigurations = (
				3DAECB3D1A9BCED2003B0D73 /* Debug */,
				3DAECB3E1A9BCED2003B0D73 /* Release */,
			);
			defaultConfigurationIsVisible = 0;
			defaultConfigurationName = Release;
		};
		3DAECB3F1A9BCED2003B0D73 /* Build configuration list for PBXNativeTarget "TaskIt" */ = {
			isa = XCConfigurationList;
			buildConfigurations = (
				3DAECB401A9BCED2003B0D73 /* Debug */,
				3DAECB411A9BCED2003B0D73 /* Release */,
			);
			defaultConfigurationIsVisible = 0;
		};
		3DAECB421A9BCED2003B0D73 /* Build configuration list for PBXNativeTarget "TaskItTests" */ = {
			isa = XCConfigurationList;
			buildConfigurations = (
				3DAECB431A9BCED2003B0D73 /* Debug */,
				3DAECB441A9BCED2003B0D73 /* Release */,
			);
			defaultConfigurationIsVisible = 0;
		};
/* End XCConfigurationList section */
	};
	rootObject = 3DAECB181A9BCED2003B0D73 /* Project object */;
}
